
Microsoft Visual Studio Solution File, Format Version 12.00
# Visual Studio Version 16
VisualStudioVersion = 16.0.31025.194
MinimumVisualStudioVersion = 10.0.40219.1
Project("{FAE04EC0-301F-11D3-BF4B-00C04F79EFBC}") = "receiver", "receiver\receiver.csproj", "{3C5977DA-6187-49AA-97CF-E713C2A8AF31}"
EndProject
Global
	GlobalSection(SolutionConfigurationPlatforms) = preSolution
		Debug|Any CPU = Debug|Any CPU
		Release|Any CPU = Release|Any CPU
	EndGlobalSection
	GlobalSection(ProjectConfigurationPlatforms) = postSolution
		{3C5977DA-6187-49AA-97CF-E713C2A8AF31}.Debug|Any CPU.ActiveCfg = Debug|Any CPU
		{3C5977DA-6187-49AA-97CF-E713C2A8AF31}.Debug|Any CPU.Build.0 = Debug|Any CPU
		{3C5977DA-6187-49AA-97CF-E713C2A8AF31}.Release|Any CPU.ActiveCfg = Release|Any CPU
		{3C5977DA-6187-49AA-97CF-E713C2A8AF31}.Release|Any CPU.Build.0 = Release|Any CPU
	EndGlobalSection
	GlobalSection(SolutionProperties) = preSolution
		HideSolutionNode = FALSE
	EndGlobalSection
	GlobalSection(ExtensibilityGlobals) = postSolution
		SolutionGuid = {E0910EE0-6323-4191-9902-37105554765C}
	EndGlobalSection
EndGlobal
